
Microsoft Visual Studio Solution File, Format Version 12.00
# Visual Studio Version 17
VisualStudioVersion = 17.7.34202.233
MinimumVisualStudioVersion = 10.0.40219.1
Project("{FAE04EC0-301F-11D3-BF4B-00C04F79EFBC}") = "TicTacToeGameServer", "TicTacToeGameServer.csproj", "{4DED507B-37CF-4A6E-BDB6-1F301A868740}"
EndProject
Global
	GlobalSection(SolutionConfigurationPlatforms) = preSolution
		Debug|Any CPU = Debug|Any CPU
		Release|Any CPU = Release|Any CPU
	EndGlobalSection
	GlobalSection(ProjectConfigurationPlatforms) = postSolution
		{4DED507B-37CF-4A6E-BDB6-1F301A868740}.Debug|Any CPU.ActiveCfg = Debug|Any CPU
		{4DED507B-37CF-4A6E-BDB6-1F301A868740}.Debug|Any CPU.Build.0 = Debug|Any CPU
		{4DED507B-37CF-4A6E-BDB6-1F301A868740}.Release|Any CPU.ActiveCfg = Release|Any CPU
		{4DED507B-37CF-4A6E-BDB6-1F301A868740}.Release|Any CPU.Build.0 = Release|Any CPU
	EndGlobalSection
	GlobalSection(SolutionProperties) = preSolution
		HideSolutionNode = FALSE
	EndGlobalSection
	GlobalSection(ExtensibilityGlobals) = postSolution
		SolutionGuid = {911D2030-40D4-4C6D-9E3C-CCA03E53A8D1}
	EndGlobalSection
EndGlobal
